
Microsoft Visual Studio Solution File, Format Version 12.00
# Visual Studio Version 17
VisualStudioVersion = 17.6.33829.357
MinimumVisualStudioVersion = 10.0.40219.1
Project("{FAE04EC0-301F-11D3-BF4B-00C04F79EFBC}") = "BlobProject", "BlobProject\BlobProject.csproj", "{176C056C-8B95-4FE0-BB3D-9DB69B56F872}"
EndProject
Global
	GlobalSection(SolutionConfigurationPlatforms) = preSolution
		Debug|Any CPU = Debug|Any CPU
		Release|Any CPU = Release|Any CPU
	EndGlobalSection
	GlobalSection(ProjectConfigurationPlatforms) = postSolution
		{176C056C-8B95-4FE0-BB3D-9DB69B56F872}.Debug|Any CPU.ActiveCfg = Debug|Any CPU
		{176C056C-8B95-4FE0-BB3D-9DB69B56F872}.Debug|Any CPU.Build.0 = Debug|Any CPU
		{176C056C-8B95-4FE0-BB3D-9DB69B56F872}.Release|Any CPU.ActiveCfg = Release|Any CPU
		{176C056C-8B95-4FE0-BB3D-9DB69B56F872}.Release|Any CPU.Build.0 = Release|Any CPU
	EndGlobalSection
	GlobalSection(SolutionProperties) = preSolution
		HideSolutionNode = FALSE
	EndGlobalSection
	GlobalSection(ExtensibilityGlobals) = postSolution
		SolutionGuid = {A19C4E01-2234-409C-BAFF-F4DA6ED3A1AC}
	EndGlobalSection
EndGlobal
